
Microsoft Visual Studio Solution File, Format Version 12.00
# Visual Studio 2012
Project("{FAE04EC0-301F-11D3-BF4B-00C04F79EFBC}") = "Problem 1. Fibonacci Numbers", "CS Advanced Topics\Problem 1. Fibonacci Numbers.csproj", "{686C4AA0-5651-493F-B3CC-9829D7E532EF}"
EndProject
Project("{FAE04EC0-301F-11D3-BF4B-00C04F79EFBC}") = "Problem 2. Prime Checker", "Problem 2. Prime Checker\Problem 2. Prime Checker.csproj", "{D2892058-E65C-496C-B5B6-49929B2D538D}"
EndProject
Project("{FAE04EC0-301F-11D3-BF4B-00C04F79EFBC}") = "Problem 3. Primes in Given Range", "Problem 3. Primes in Given Range\Problem 3. Primes in Given Range.csproj", "{8F0BB9D3-8B52-409F-8EAC-CF35643396FC}"
EndProject
Project("{FAE04EC0-301F-11D3-BF4B-00C04F79EFBC}") = "Problem 4. Difference between Dates", "Problem 4. Difference between Dates\Problem 4. Difference between Dates.csproj", "{11E03C96-0121-456D-BD3E-51D5459D2202}"
EndProject
Project("{FAE04EC0-301F-11D3-BF4B-00C04F79EFBC}") = "Problem 5. Sorting Numbers", "Problem 5. Sorting Numbers\Problem 5. Sorting Numbers.csproj", "{7C06221F-A788-4BD7-8675-91667413DA27}"
EndProject
Project("{FAE04EC0-301F-11D3-BF4B-00C04F79EFBC}") = "Problem 6. Longest Area in Array", "Problem 6. Longest Area in Array\Problem 6. Longest Area in Array.csproj", "{C46FCCA0-B3DB-4B64-848A-8E9627AFDD59}"
EndProject
Project("{FAE04EC0-301F-11D3-BF4B-00C04F79EFBC}") = "Problem 7. Matrix of Palindromes", "Problem 7. Matrix of Palindromes\Problem 7. Matrix of Palindromes.csproj", "{FE0E3DBB-01B8-4C69-9412-C0EFD19CC153}"
EndProject
Global
	GlobalSection(SolutionConfigurationPlatforms) = preSolution
		Debug|Any CPU = Debug|Any CPU
		Release|Any CPU = Release|Any CPU
	EndGlobalSection
	GlobalSection(ProjectConfigurationPlatforms) = postSolution
		{686C4AA0-5651-493F-B3CC-9829D7E532EF}.Debug|Any CPU.ActiveCfg = Debug|Any CPU
		{686C4AA0-5651-493F-B3CC-9829D7E532EF}.Debug|Any CPU.Build.0 = Debug|Any CPU
		{686C4AA0-5651-493F-B3CC-9829D7E532EF}.Release|Any CPU.ActiveCfg = Release|Any CPU
		{686C4AA0-5651-493F-B3CC-9829D7E532EF}.Release|Any CPU.Build.0 = Release|Any CPU
		{D2892058-E65C-496C-B5B6-49929B2D538D}.Debug|Any CPU.ActiveCfg = Debug|Any CPU
		{D2892058-E65C-496C-B5B6-49929B2D538D}.Debug|Any CPU.Build.0 = Debug|Any CPU
		{D2892058-E65C-496C-B5B6-49929B2D538D}.Release|Any CPU.ActiveCfg = Release|Any CPU
		{D2892058-E65C-496C-B5B6-49929B2D538D}.Release|Any CPU.Build.0 = Release|Any CPU
		{8F0BB9D3-8B52-409F-8EAC-CF35643396FC}.Debug|Any CPU.ActiveCfg = Debug|Any CPU
		{8F0BB9D3-8B52-409F-8EAC-CF35643396FC}.Debug|Any CPU.Build.0 = Debug|Any CPU
		{8F0BB9D3-8B52-409F-8EAC-CF35643396FC}.Release|Any CPU.ActiveCfg = Release|Any CPU
		{8F0BB9D3-8B52-409F-8EAC-CF35643396FC}.Release|Any CPU.Build.0 = Release|Any CPU
		{11E03C96-0121-456D-BD3E-51D5459D2202}.Debug|Any CPU.ActiveCfg = Debug|Any CPU
		{11E03C96-0121-456D-BD3E-51D5459D2202}.Debug|Any CPU.Build.0 = Debug|Any CPU
		{11E03C96-0121-456D-BD3E-51D5459D2202}.Release|Any CPU.ActiveCfg = Release|Any CPU
		{11E03C96-0121-456D-BD3E-51D5459D2202}.Release|Any CPU.Build.0 = Release|Any CPU
		{7C06221F-A788-4BD7-8675-91667413DA27}.Debug|Any CPU.ActiveCfg = Debug|Any CPU
		{7C06221F-A788-4BD7-8675-91667413DA27}.Debug|Any CPU.Build.0 = Debug|Any CPU
		{7C06221F-A788-4BD7-8675-91667413DA27}.Release|Any CPU.ActiveCfg = Release|Any CPU
		{7C06221F-A788-4BD7-8675-91667413DA27}.Release|Any CPU.Build.0 = Release|Any CPU
		{C46FCCA0-B3DB-4B64-848A-8E9627AFDD59}.Debug|Any CPU.ActiveCfg = Debug|Any CPU
		{C46FCCA0-B3DB-4B64-848A-8E9627AFDD59}.Debug|Any CPU.Build.0 = Debug|Any CPU
		{C46FCCA0-B3DB-4B64-848A-8E9627AFDD59}.Release|Any CPU.ActiveCfg = Release|Any CPU
		{C46FCCA0-B3DB-4B64-848A-8E9627AFDD59}.Release|Any CPU.Build.0 = Release|Any CPU
		{FE0E3DBB-01B8-4C69-9412-C0EFD19CC153}.Debug|Any CPU.ActiveCfg = Debug|Any CPU
		{FE0E3DBB-01B8-4C69-9412-C0EFD19CC153}.Debug|Any CPU.Build.0 = Debug|Any CPU
		{FE0E3DBB-01B8-4C69-9412-C0EFD19CC153}.Release|Any CPU.ActiveCfg = Release|Any CPU
		{FE0E3DBB-01B8-4C69-9412-C0EFD19CC153}.Release|Any CPU.Build.0 = Release|Any CPU
	EndGlobalSection
	GlobalSection(SolutionProperties) = preSolution
		HideSolutionNode = FALSE
	EndGlobalSection
EndGlobal
