
Microsoft Visual Studio Solution File, Format Version 12.00
# Visual Studio 2013
VisualStudioVersion = 12.0.21005.1
MinimumVisualStudioVersion = 10.0.40219.1
Project("{FAE04EC0-301F-11D3-BF4B-00C04F79EFBC}") = "PrimitiveDataTypesAndVariables", "PrimitiveDataTypesAndVariables\PrimitiveDataTypesAndVariables.csproj", "{3DD72DE5-BF59-48EE-B400-143727F6E434}"
EndProject
Project("{FAE04EC0-301F-11D3-BF4B-00C04F79EFBC}") = "DoubleOrFloat", "DoubleOrFloat\DoubleOrFloat.csproj", "{2AD0D344-FF57-4C10-97F6-9FC83FCE420D}"
EndProject
Project("{FAE04EC0-301F-11D3-BF4B-00C04F79EFBC}") = "HexadecimalFormat", "HexadecimalFormat\HexadecimalFormat.csproj", "{60949B27-D780-4663-8BE4-840880BB366D}"
EndProject
Project("{FAE04EC0-301F-11D3-BF4B-00C04F79EFBC}") = "Problem 4. Unicode Character", "Problem 4. Unicode Character\Problem 4. Unicode Character.csproj", "{1D78B816-8B3E-48A6-8F2F-66E0EBA6E9BE}"
EndProject
Project("{FAE04EC0-301F-11D3-BF4B-00C04F79EFBC}") = "Problem 5  Boolean Variable", "Problem 5  Boolean Variable\Problem 5  Boolean Variable.csproj", "{E768D91F-9FE2-4AFB-8D5D-585668DFB7EA}"
EndProject
Project("{FAE04EC0-301F-11D3-BF4B-00C04F79EFBC}") = "Problem 6. Strings and Objects", "Problem 6. Strings and Objects\Problem 6. Strings and Objects.csproj", "{17912124-9C13-424E-B219-A6191223CE98}"
EndProject
Project("{FAE04EC0-301F-11D3-BF4B-00C04F79EFBC}") = "Problem 7. Quotes in Strings", "Problem 7. Quotes in Strings\Problem 7. Quotes in Strings.csproj", "{EDD4DECA-07EC-4000-B92B-3F1291DBF088}"
EndProject
Project("{FAE04EC0-301F-11D3-BF4B-00C04F79EFBC}") = "Problem 9 - Exchange Variable Values", "Problem 9 - Exchange Variable Values\Problem 9 - Exchange Variable Values.csproj", "{E79D3DED-D8EA-418F-9D3C-9A63752DF49B}"
EndProject
Project("{FAE04EC0-301F-11D3-BF4B-00C04F79EFBC}") = "Problem 10. Employee Data", "Problem 10. Employee Data\Problem 10. Employee Data.csproj", "{6E722267-3FBD-4A2B-BE99-8A3570A82D1D}"
EndProject
Project("{FAE04EC0-301F-11D3-BF4B-00C04F79EFBC}") = "Problem 11. Bank Account Data", "Problem 11. Bank Account Data\Problem 11. Bank Account Data.csproj", "{CFF036D5-7D1C-4746-A5C5-652755619814}"
EndProject
Project("{FAE04EC0-301F-11D3-BF4B-00C04F79EFBC}") = "Problem 13. - Comparing Floats", "Problem 13. - Comparing Floats\Problem 13. - Comparing Floats.csproj", "{16476047-2398-461A-990B-656D449DDDAD}"
EndProject
Project("{FAE04EC0-301F-11D3-BF4B-00C04F79EFBC}") = "Print the ASCII Table", "Print the ASCII Table\Print the ASCII Table.csproj", "{6D64142B-427F-4CED-8969-0A6232A3192F}"
EndProject
Global
	GlobalSection(SolutionConfigurationPlatforms) = preSolution
		Debug|Any CPU = Debug|Any CPU
		Release|Any CPU = Release|Any CPU
	EndGlobalSection
	GlobalSection(ProjectConfigurationPlatforms) = postSolution
		{3DD72DE5-BF59-48EE-B400-143727F6E434}.Debug|Any CPU.ActiveCfg = Debug|Any CPU
		{3DD72DE5-BF59-48EE-B400-143727F6E434}.Debug|Any CPU.Build.0 = Debug|Any CPU
		{3DD72DE5-BF59-48EE-B400-143727F6E434}.Release|Any CPU.ActiveCfg = Release|Any CPU
		{3DD72DE5-BF59-48EE-B400-143727F6E434}.Release|Any CPU.Build.0 = Release|Any CPU
		{2AD0D344-FF57-4C10-97F6-9FC83FCE420D}.Debug|Any CPU.ActiveCfg = Debug|Any CPU
		{2AD0D344-FF57-4C10-97F6-9FC83FCE420D}.Debug|Any CPU.Build.0 = Debug|Any CPU
		{2AD0D344-FF57-4C10-97F6-9FC83FCE420D}.Release|Any CPU.ActiveCfg = Release|Any CPU
		{2AD0D344-FF57-4C10-97F6-9FC83FCE420D}.Release|Any CPU.Build.0 = Release|Any CPU
		{60949B27-D780-4663-8BE4-840880BB366D}.Debug|Any CPU.ActiveCfg = Debug|Any CPU
		{60949B27-D780-4663-8BE4-840880BB366D}.Debug|Any CPU.Build.0 = Debug|Any CPU
		{60949B27-D780-4663-8BE4-840880BB366D}.Release|Any CPU.ActiveCfg = Release|Any CPU
		{60949B27-D780-4663-8BE4-840880BB366D}.Release|Any CPU.Build.0 = Release|Any CPU
		{1D78B816-8B3E-48A6-8F2F-66E0EBA6E9BE}.Debug|Any CPU.ActiveCfg = Debug|Any CPU
		{1D78B816-8B3E-48A6-8F2F-66E0EBA6E9BE}.Debug|Any CPU.Build.0 = Debug|Any CPU
		{1D78B816-8B3E-48A6-8F2F-66E0EBA6E9BE}.Release|Any CPU.ActiveCfg = Release|Any CPU
		{1D78B816-8B3E-48A6-8F2F-66E0EBA6E9BE}.Release|Any CPU.Build.0 = Release|Any CPU
		{E768D91F-9FE2-4AFB-8D5D-585668DFB7EA}.Debug|Any CPU.ActiveCfg = Debug|Any CPU
		{E768D91F-9FE2-4AFB-8D5D-585668DFB7EA}.Debug|Any CPU.Build.0 = Debug|Any CPU
		{E768D91F-9FE2-4AFB-8D5D-585668DFB7EA}.Release|Any CPU.ActiveCfg = Release|Any CPU
		{E768D91F-9FE2-4AFB-8D5D-585668DFB7EA}.Release|Any CPU.Build.0 = Release|Any CPU
		{17912124-9C13-424E-B219-A6191223CE98}.Debug|Any CPU.ActiveCfg = Debug|Any CPU
		{17912124-9C13-424E-B219-A6191223CE98}.Debug|Any CPU.Build.0 = Debug|Any CPU
		{17912124-9C13-424E-B219-A6191223CE98}.Release|Any CPU.ActiveCfg = Release|Any CPU
		{17912124-9C13-424E-B219-A6191223CE98}.Release|Any CPU.Build.0 = Release|Any CPU
		{EDD4DECA-07EC-4000-B92B-3F1291DBF088}.Debug|Any CPU.ActiveCfg = Debug|Any CPU
		{EDD4DECA-07EC-4000-B92B-3F1291DBF088}.Debug|Any CPU.Build.0 = Debug|Any CPU
		{EDD4DECA-07EC-4000-B92B-3F1291DBF088}.Release|Any CPU.ActiveCfg = Release|Any CPU
		{EDD4DECA-07EC-4000-B92B-3F1291DBF088}.Release|Any CPU.Build.0 = Release|Any CPU
		{E79D3DED-D8EA-418F-9D3C-9A63752DF49B}.Debug|Any CPU.ActiveCfg = Debug|Any CPU
		{E79D3DED-D8EA-418F-9D3C-9A63752DF49B}.Debug|Any CPU.Build.0 = Debug|Any CPU
		{E79D3DED-D8EA-418F-9D3C-9A63752DF49B}.Release|Any CPU.ActiveCfg = Release|Any CPU
		{E79D3DED-D8EA-418F-9D3C-9A63752DF49B}.Release|Any CPU.Build.0 = Release|Any CPU
		{6E722267-3FBD-4A2B-BE99-8A3570A82D1D}.Debug|Any CPU.ActiveCfg = Debug|Any CPU
		{6E722267-3FBD-4A2B-BE99-8A3570A82D1D}.Debug|Any CPU.Build.0 = Debug|Any CPU
		{6E722267-3FBD-4A2B-BE99-8A3570A82D1D}.Release|Any CPU.ActiveCfg = Release|Any CPU
		{6E722267-3FBD-4A2B-BE99-8A3570A82D1D}.Release|Any CPU.Build.0 = Release|Any CPU
		{CFF036D5-7D1C-4746-A5C5-652755619814}.Debug|Any CPU.ActiveCfg = Debug|Any CPU
		{CFF036D5-7D1C-4746-A5C5-652755619814}.Debug|Any CPU.Build.0 = Debug|Any CPU
		{CFF036D5-7D1C-4746-A5C5-652755619814}.Release|Any CPU.ActiveCfg = Release|Any CPU
		{CFF036D5-7D1C-4746-A5C5-652755619814}.Release|Any CPU.Build.0 = Release|Any CPU
		{16476047-2398-461A-990B-656D449DDDAD}.Debug|Any CPU.ActiveCfg = Debug|Any CPU
		{16476047-2398-461A-990B-656D449DDDAD}.Debug|Any CPU.Build.0 = Debug|Any CPU
		{16476047-2398-461A-990B-656D449DDDAD}.Release|Any CPU.ActiveCfg = Release|Any CPU
		{16476047-2398-461A-990B-656D449DDDAD}.Release|Any CPU.Build.0 = Release|Any CPU
		{6D64142B-427F-4CED-8969-0A6232A3192F}.Debug|Any CPU.ActiveCfg = Debug|Any CPU
		{6D64142B-427F-4CED-8969-0A6232A3192F}.Debug|Any CPU.Build.0 = Debug|Any CPU
		{6D64142B-427F-4CED-8969-0A6232A3192F}.Release|Any CPU.ActiveCfg = Release|Any CPU
		{6D64142B-427F-4CED-8969-0A6232A3192F}.Release|Any CPU.Build.0 = Release|Any CPU
	EndGlobalSection
	GlobalSection(SolutionProperties) = preSolution
		HideSolutionNode = FALSE
	EndGlobalSection
EndGlobal
